PODS:
  - Alamofire (5.0.5)
  - GradientLoadingBar (1.1.17):
    - LightweightObservable (~> 1.0)
  - IQKeyboardManagerSwift (6.5.5)
  - LightweightObservable (1.0.3)
  - SDWebImage (5.7.1):
    - SDWebImage/Core (= 5.7.1)
  - SDWebImage/Core (5.7.1)

DEPENDENCIES:
  - Alamofire (~> 5.0.0-rc.3)
  - GradientLoadingBar (~> 1.0)
  - IQKeyboardManagerSwift
  - SDWebImage (~> 5.0)

SPEC REPOS:
  trunk:
    - Alamofire
    - GradientLoadingBar
    - IQKeyboardManagerSwift
    - LightweightObservable
    - SDWebImage

SPEC CHECKSUMS:
  Alamofire: df2f8f826963b08b9a870791ad48e07a10090b2e
  GradientLoadingBar: a0e1855e4ba5051301027d5f4a129f38003cc2b9
  IQKeyboardManagerSwift: 0fb93310284665245591f50f7a5e38de615960b7
  LightweightObservable: 8687e8e1e2940ae2f64d7f71fe78c036d89c966f
  SDWebImage: 5d4cf6afccd9ac1d2ee701ed0c4917cbb1b80536

PODFILE CHECKSUM: ca3ec2ee684444051171e3dec7a13328f729fe90

COCOAPODS: 1.9.3
